
Microsoft Visual Studio Solution File, Format Version 12.00
Project("{FAE04EC0-301F-11D3-BF4B-00C04F79EFBC}") = "Fennekin23.BuilderGenerator", "src\Fennekin23.BuilderGenerator\Fennekin23.BuilderGenerator.csproj", "{76C77DA9-F6B1-4DBA-98B1-BFA1793BC2AF}"
EndProject
Project("{FAE04EC0-301F-11D3-BF4B-00C04F79EFBC}") = "Fennekin23.BuilderGenerator.Sample", "src\Fennekin23.BuilderGenerator.Sample\Fennekin23.BuilderGenerator.Sample.csproj", "{2AFC9124-8962-42FD-8BFA-F509DF54B483}"
EndProject
Project("{9A19103F-16F7-4668-BE54-9A1E7A4F7556}") = "_build", "build\_build.csproj", "{55A6E7E5-0F2A-4CC2-BE64-AD3570A9E1E8}"
EndProject
Project("{FAE04EC0-301F-11D3-BF4B-00C04F79EFBC}") = "Fennekin23.BuilderGenerator.Tests", "tests\Fennekin23.BuilderGenerator.Tests\Fennekin23.BuilderGenerator.Tests.csproj", "{B0793FE7-5E55-419E-8393-46DF574C21A9}"
EndProject
Global
	GlobalSection(SolutionConfigurationPlatforms) = preSolution
		Debug|Any CPU = Debug|Any CPU
		Release|Any CPU = Release|Any CPU
	EndGlobalSection
	GlobalSection(ProjectConfigurationPlatforms) = postSolution
		{55A6E7E5-0F2A-4CC2-BE64-AD3570A9E1E8}.Debug|Any CPU.ActiveCfg = Debug|Any CPU
		{55A6E7E5-0F2A-4CC2-BE64-AD3570A9E1E8}.Debug|Any CPU.Build.0 = Debug|Any CPU
		{55A6E7E5-0F2A-4CC2-BE64-AD3570A9E1E8}.Release|Any CPU.ActiveCfg = Release|Any CPU
		{55A6E7E5-0F2A-4CC2-BE64-AD3570A9E1E8}.Release|Any CPU.Build.0 = Release|Any CPU
		{76C77DA9-F6B1-4DBA-98B1-BFA1793BC2AF}.Debug|Any CPU.ActiveCfg = Debug|Any CPU
		{76C77DA9-F6B1-4DBA-98B1-BFA1793BC2AF}.Debug|Any CPU.Build.0 = Debug|Any CPU
		{76C77DA9-F6B1-4DBA-98B1-BFA1793BC2AF}.Release|Any CPU.ActiveCfg = Release|Any CPU
		{76C77DA9-F6B1-4DBA-98B1-BFA1793BC2AF}.Release|Any CPU.Build.0 = Release|Any CPU
		{2AFC9124-8962-42FD-8BFA-F509DF54B483}.Debug|Any CPU.ActiveCfg = Debug|Any CPU
		{2AFC9124-8962-42FD-8BFA-F509DF54B483}.Debug|Any CPU.Build.0 = Debug|Any CPU
		{2AFC9124-8962-42FD-8BFA-F509DF54B483}.Release|Any CPU.ActiveCfg = Release|Any CPU
		{2AFC9124-8962-42FD-8BFA-F509DF54B483}.Release|Any CPU.Build.0 = Release|Any CPU
		{B0793FE7-5E55-419E-8393-46DF574C21A9}.Debug|Any CPU.ActiveCfg = Debug|Any CPU
		{B0793FE7-5E55-419E-8393-46DF574C21A9}.Debug|Any CPU.Build.0 = Debug|Any CPU
		{B0793FE7-5E55-419E-8393-46DF574C21A9}.Release|Any CPU.ActiveCfg = Release|Any CPU
		{B0793FE7-5E55-419E-8393-46DF574C21A9}.Release|Any CPU.Build.0 = Release|Any CPU
	EndGlobalSection
EndGlobal
